
Microsoft Visual Studio Solution File, Format Version 12.00
# Visual Studio 15
VisualStudioVersion = 15.0.27130.2027
MinimumVisualStudioVersion = 10.0.40219.1
Project("{FAE04EC0-301F-11D3-BF4B-00C04F79EFBC}") = "use video file to count finger", "HandGestureRecognition\use video file to count finger.csproj", "{0A25BCF8-D49F-4909-B76D-1280054F10FC}"
EndProject
Project("{FAE04EC0-301F-11D3-BF4B-00C04F79EFBC}") = "HandGestureRecognition.SkinDetector", "HandGestureRecognition.SkinDetector\HandGestureRecognition.SkinDetector.csproj", "{8B522B5D-7AFE-47B7-90BC-C9203374EA6D}"
EndProject
Project("{FAE04EC0-301F-11D3-BF4B-00C04F79EFBC}") = "use_camera", "use_camera\use_camera.csproj", "{119FD6DA-0EA0-43D1-9F51-4FA19652D896}"
EndProject
Global
	GlobalSection(SolutionConfigurationPlatforms) = preSolution
		Debug|Any CPU = Debug|Any CPU
		Debug|x64 = Debug|x64
		Debug|x86 = Debug|x86
		Release|Any CPU = Release|Any CPU
		Release|x64 = Release|x64
		Release|x86 = Release|x86
	EndGlobalSection
	GlobalSection(ProjectConfigurationPlatforms) = postSolution
		{0A25BCF8-D49F-4909-B76D-1280054F10FC}.Debug|Any CPU.ActiveCfg = Debug|x86
		{0A25BCF8-D49F-4909-B76D-1280054F10FC}.Debug|Any CPU.Build.0 = Debug|x86
		{0A25BCF8-D49F-4909-B76D-1280054F10FC}.Debug|x64.ActiveCfg = Debug|x86
		{0A25BCF8-D49F-4909-B76D-1280054F10FC}.Debug|x64.Build.0 = Debug|x86
		{0A25BCF8-D49F-4909-B76D-1280054F10FC}.Debug|x86.ActiveCfg = Debug|x86
		{0A25BCF8-D49F-4909-B76D-1280054F10FC}.Debug|x86.Build.0 = Debug|x86
		{0A25BCF8-D49F-4909-B76D-1280054F10FC}.Release|Any CPU.ActiveCfg = Release|Any CPU
		{0A25BCF8-D49F-4909-B76D-1280054F10FC}.Release|Any CPU.Build.0 = Release|Any CPU
		{0A25BCF8-D49F-4909-B76D-1280054F10FC}.Release|x64.ActiveCfg = Release|x64
		{0A25BCF8-D49F-4909-B76D-1280054F10FC}.Release|x64.Build.0 = Release|x64
		{0A25BCF8-D49F-4909-B76D-1280054F10FC}.Release|x86.ActiveCfg = Release|x86
		{0A25BCF8-D49F-4909-B76D-1280054F10FC}.Release|x86.Build.0 = Release|x86
		{8B522B5D-7AFE-47B7-90BC-C9203374EA6D}.Debug|Any CPU.ActiveCfg = Debug|Any CPU
		{8B522B5D-7AFE-47B7-90BC-C9203374EA6D}.Debug|Any CPU.Build.0 = Debug|Any CPU
		{8B522B5D-7AFE-47B7-90BC-C9203374EA6D}.Debug|x64.ActiveCfg = Debug|Any CPU
		{8B522B5D-7AFE-47B7-90BC-C9203374EA6D}.Debug|x86.ActiveCfg = Debug|Any CPU
		{8B522B5D-7AFE-47B7-90BC-C9203374EA6D}.Release|Any CPU.ActiveCfg = Release|Any CPU
		{8B522B5D-7AFE-47B7-90BC-C9203374EA6D}.Release|Any CPU.Build.0 = Release|Any CPU
		{8B522B5D-7AFE-47B7-90BC-C9203374EA6D}.Release|x64.ActiveCfg = Release|Any CPU
		{8B522B5D-7AFE-47B7-90BC-C9203374EA6D}.Release|x86.ActiveCfg = Release|Any CPU
		{119FD6DA-0EA0-43D1-9F51-4FA19652D896}.Debug|Any CPU.ActiveCfg = Debug|Any CPU
		{119FD6DA-0EA0-43D1-9F51-4FA19652D896}.Debug|Any CPU.Build.0 = Debug|Any CPU
		{119FD6DA-0EA0-43D1-9F51-4FA19652D896}.Debug|x64.ActiveCfg = Debug|Any CPU
		{119FD6DA-0EA0-43D1-9F51-4FA19652D896}.Debug|x64.Build.0 = Debug|Any CPU
		{119FD6DA-0EA0-43D1-9F51-4FA19652D896}.Debug|x86.ActiveCfg = Debug|Any CPU
		{119FD6DA-0EA0-43D1-9F51-4FA19652D896}.Debug|x86.Build.0 = Debug|Any CPU
		{119FD6DA-0EA0-43D1-9F51-4FA19652D896}.Release|Any CPU.ActiveCfg = Release|Any CPU
		{119FD6DA-0EA0-43D1-9F51-4FA19652D896}.Release|Any CPU.Build.0 = Release|Any CPU
		{119FD6DA-0EA0-43D1-9F51-4FA19652D896}.Release|x64.ActiveCfg = Release|Any CPU
		{119FD6DA-0EA0-43D1-9F51-4FA19652D896}.Release|x64.Build.0 = Release|Any CPU
		{119FD6DA-0EA0-43D1-9F51-4FA19652D896}.Release|x86.ActiveCfg = Release|Any CPU
		{119FD6DA-0EA0-43D1-9F51-4FA19652D896}.Release|x86.Build.0 = Release|Any CPU
	EndGlobalSection
	GlobalSection(SolutionProperties) = preSolution
		HideSolutionNode = FALSE
	EndGlobalSection
	GlobalSection(ExtensibilityGlobals) = postSolution
		SolutionGuid = {8A7489F8-BC8D-4ED9-A647-B543A7D26BF2}
	EndGlobalSection
EndGlobal
